
Microsoft Visual Studio Solution File, Format Version 12.00
# Visual Studio Version 16
VisualStudioVersion = 16.0.30011.22
MinimumVisualStudioVersion = 10.0.40219.1
Project("{9A19103F-16F7-4668-BE54-9A1E7A4F7556}") = "BiSanat.DAL", "BiSanat.DAL\BiSanat.DAL.csproj", "{667DA881-021B-4D0D-9712-AA2F58800CE7}"
EndProject
Project("{9A19103F-16F7-4668-BE54-9A1E7A4F7556}") = "BiSanat.API", "BiSanat.API\BiSanat.API.csproj", "{9A5269FE-9804-408E-9357-88D1CAEC7CFA}"
EndProject
Project("{FAE04EC0-301F-11D3-BF4B-00C04F79EFBC}") = "BiSanat.Test", "BiSanat.Test\BiSanat.Test.csproj", "{41904682-8207-4B1E-9852-B44EA9C3BAFD}"
EndProject
Global
	GlobalSection(SolutionConfigurationPlatforms) = preSolution
		Debug|Any CPU = Debug|Any CPU
		Release|Any CPU = Release|Any CPU
	EndGlobalSection
	GlobalSection(ProjectConfigurationPlatforms) = postSolution
		{667DA881-021B-4D0D-9712-AA2F58800CE7}.Debug|Any CPU.ActiveCfg = Debug|Any CPU
		{667DA881-021B-4D0D-9712-AA2F58800CE7}.Debug|Any CPU.Build.0 = Debug|Any CPU
		{667DA881-021B-4D0D-9712-AA2F58800CE7}.Release|Any CPU.ActiveCfg = Release|Any CPU
		{667DA881-021B-4D0D-9712-AA2F58800CE7}.Release|Any CPU.Build.0 = Release|Any CPU
		{9A5269FE-9804-408E-9357-88D1CAEC7CFA}.Debug|Any CPU.ActiveCfg = Debug|Any CPU
		{9A5269FE-9804-408E-9357-88D1CAEC7CFA}.Debug|Any CPU.Build.0 = Debug|Any CPU
		{9A5269FE-9804-408E-9357-88D1CAEC7CFA}.Release|Any CPU.ActiveCfg = Release|Any CPU
		{9A5269FE-9804-408E-9357-88D1CAEC7CFA}.Release|Any CPU.Build.0 = Release|Any CPU
		{41904682-8207-4B1E-9852-B44EA9C3BAFD}.Debug|Any CPU.ActiveCfg = Debug|Any CPU
		{41904682-8207-4B1E-9852-B44EA9C3BAFD}.Debug|Any CPU.Build.0 = Debug|Any CPU
		{41904682-8207-4B1E-9852-B44EA9C3BAFD}.Release|Any CPU.ActiveCfg = Release|Any CPU
		{41904682-8207-4B1E-9852-B44EA9C3BAFD}.Release|Any CPU.Build.0 = Release|Any CPU
	EndGlobalSection
	GlobalSection(SolutionProperties) = preSolution
		HideSolutionNode = FALSE
	EndGlobalSection
	GlobalSection(ExtensibilityGlobals) = postSolution
		SolutionGuid = {A5F931C4-8241-402D-9586-945E2F6D8DB7}
	EndGlobalSection
EndGlobal
